
Microsoft Visual Studio Solution File, Format Version 12.00
# Visual Studio 15
VisualStudioVersion = 15.0.26730.12
MinimumVisualStudioVersion = 10.0.40219.1
Project("{FAE04EC0-301F-11D3-BF4B-00C04F79EFBC}") = "P4_TA_Hongduc", "P4_TA_Hongduc\P4_TA_Hongduc.csproj", "{D07C5C82-20DC-4976-A779-357C29B481D0}"
EndProject
Global
	GlobalSection(SolutionConfigurationPlatforms) = preSolution
		Debug|Any CPU = Debug|Any CPU
		Release|Any CPU = Release|Any CPU
	EndGlobalSection
	GlobalSection(ProjectConfigurationPlatforms) = postSolution
		{D07C5C82-20DC-4976-A779-357C29B481D0}.Debug|Any CPU.ActiveCfg = Debug|Any CPU
		{D07C5C82-20DC-4976-A779-357C29B481D0}.Debug|Any CPU.Build.0 = Debug|Any CPU
		{D07C5C82-20DC-4976-A779-357C29B481D0}.Release|Any CPU.ActiveCfg = Release|Any CPU
		{D07C5C82-20DC-4976-A779-357C29B481D0}.Release|Any CPU.Build.0 = Release|Any CPU
	EndGlobalSection
	GlobalSection(SolutionProperties) = preSolution
		HideSolutionNode = FALSE
	EndGlobalSection
	GlobalSection(ExtensibilityGlobals) = postSolution
		SolutionGuid = {72E850A5-928B-4F93-BB73-7330A03F9B8F}
	EndGlobalSection
EndGlobal
